
Microsoft Visual Studio Solution File, Format Version 12.00
# Visual Studio 15
VisualStudioVersion = 15.0.27004.2002
MinimumVisualStudioVersion = 10.0.40219.1
Project("{2150E333-8FDC-42A3-9474-1A3956D46DE8}") = "3.DomainServices", "3.DomainServices", "{0F7C735D-9234-4C24-9EA7-F4CC5F3D0968}"
EndProject
Project("{2150E333-8FDC-42A3-9474-1A3956D46DE8}") = "4.DataAccess", "4.DataAccess", "{3B614E05-B37E-47E9-832F-6058FCCACFF9}"
EndProject
Project("{2150E333-8FDC-42A3-9474-1A3956D46DE8}") = "0.Common", "0.Common", "{104EF140-3BC7-403B-9D08-93CCCB4ABA3E}"
EndProject
Project("{2150E333-8FDC-42A3-9474-1A3956D46DE8}") = "2.ApplicationServices", "2.ApplicationServices", "{F0216DBD-3A09-485C-9E4E-FE3D392BFA1E}"
EndProject
Project("{FAE04EC0-301F-11D3-BF4B-00C04F79EFBC}") = "WebApi2.EntityModels", "4.DataAccess\WebApi2.EntityModels\WebApi2.EntityModels.csproj", "{79034B9A-1C93-4F0C-A167-9DF5EDABE35D}"
EndProject
Project("{FAE04EC0-301F-11D3-BF4B-00C04F79EFBC}") = "WebApi2.IRepositories", "4.DataAccess\WebApi2.IRepositories\WebApi2.IRepositories.csproj", "{F8D2C5E6-250F-475D-A3DF-EAB74434452A}"
EndProject
Project("{FAE04EC0-301F-11D3-BF4B-00C04F79EFBC}") = "WebApi2.Repositories", "4.DataAccess\WebApi2.Repositories\WebApi2.Repositories.csproj", "{495D3B28-8BB3-49E0-808B-CA7227CBE16C}"
EndProject
Project("{FAE04EC0-301F-11D3-BF4B-00C04F79EFBC}") = "WebApi2.DomainServices", "3.DomainServices\WebApi2.DomainServices\WebApi2.DomainServices.csproj", "{E11B27BC-A5F3-4B31-AC59-99F06085D22F}"
EndProject
Project("{FAE04EC0-301F-11D3-BF4B-00C04F79EFBC}") = "WebApi2.IDomainServices", "3.DomainServices\WebApi2.IDomainServices\WebApi2.IDomainServices.csproj", "{1F73F87C-6D41-4C56-86BF-B108D0B4F26D}"
EndProject
Project("{FAE04EC0-301F-11D3-BF4B-00C04F79EFBC}") = "WebApi2.Mails", "3.DomainServices\WebApi2.Mails\WebApi2.Mails.csproj", "{07F7F261-C3A9-48A6-A0E4-3B2767B90EC0}"
EndProject
Project("{FAE04EC0-301F-11D3-BF4B-00C04F79EFBC}") = "WebApi2.RequestResponseModels", "3.DomainServices\WebApi2.RequestResponseModels\WebApi2.RequestResponseModels.csproj", "{76C30866-99B1-4840-BDE3-15FC52B500CB}"
EndProject
Project("{FAE04EC0-301F-11D3-BF4B-00C04F79EFBC}") = "WebApi2.ViewModels", "3.DomainServices\WebApi2.ViewModels\WebApi2.ViewModels.csproj", "{46CC89F4-8842-48DF-9991-FC5536890992}"
EndProject
Project("{FAE04EC0-301F-11D3-BF4B-00C04F79EFBC}") = "WebApi2.Common.MEF", "0.Common\WebApi2.Common.MEF\WebApi2.Common.MEF.csproj", "{9BCC6FEC-6A6A-460B-9FA7-F398A4B43E39}"
EndProject
Project("{FAE04EC0-301F-11D3-BF4B-00C04F79EFBC}") = "WebApi2.StructureMapRegistry", "0.Common\WebApi2.StructureMapRegistry\WebApi2.StructureMapRegistry.csproj", "{FE517AA8-B323-4526-AF9E-E5E60C9DAE72}"
EndProject
Project("{FAE04EC0-301F-11D3-BF4B-00C04F79EFBC}") = "WebApi2.Utility", "0.Common\WebApi2.Utility\WebApi2.Utility.csproj", "{637A5808-40C1-4890-8890-300C6FD24776}"
EndProject
Project("{2150E333-8FDC-42A3-9474-1A3956D46DE8}") = "5.InfraStructure", "5.InfraStructure", "{34855FC8-8EC9-4173-ADB6-4203092FF793}"
EndProject
Project("{FAE04EC0-301F-11D3-BF4B-00C04F79EFBC}") = "WebApi2.InfraStructure", "5.InfraStructure\WebApi2.Infrastructure\WebApi2.InfraStructure.csproj", "{80756397-E0DB-4A07-802A-AA3CCCB948B4}"
EndProject
Project("{FAE04EC0-301F-11D3-BF4B-00C04F79EFBC}") = "WebApi2.EndPointApi", "2.ApplicationServices\WebApi2.EndPointApi\WebApi2.EndPointApi.csproj", "{CFC618FB-C856-4CD6-B4A3-7D2D1A218A28}"
EndProject
Global
	GlobalSection(SolutionConfigurationPlatforms) = preSolution
		Debug|Any CPU = Debug|Any CPU
		Release|Any CPU = Release|Any CPU
	EndGlobalSection
	GlobalSection(ProjectConfigurationPlatforms) = postSolution
		{79034B9A-1C93-4F0C-A167-9DF5EDABE35D}.Debug|Any CPU.ActiveCfg = Debug|Any CPU
		{79034B9A-1C93-4F0C-A167-9DF5EDABE35D}.Debug|Any CPU.Build.0 = Debug|Any CPU
		{79034B9A-1C93-4F0C-A167-9DF5EDABE35D}.Release|Any CPU.ActiveCfg = Release|Any CPU
		{79034B9A-1C93-4F0C-A167-9DF5EDABE35D}.Release|Any CPU.Build.0 = Release|Any CPU
		{F8D2C5E6-250F-475D-A3DF-EAB74434452A}.Debug|Any CPU.ActiveCfg = Debug|Any CPU
		{F8D2C5E6-250F-475D-A3DF-EAB74434452A}.Debug|Any CPU.Build.0 = Debug|Any CPU
		{F8D2C5E6-250F-475D-A3DF-EAB74434452A}.Release|Any CPU.ActiveCfg = Release|Any CPU
		{F8D2C5E6-250F-475D-A3DF-EAB74434452A}.Release|Any CPU.Build.0 = Release|Any CPU
		{495D3B28-8BB3-49E0-808B-CA7227CBE16C}.Debug|Any CPU.ActiveCfg = Debug|Any CPU
		{495D3B28-8BB3-49E0-808B-CA7227CBE16C}.Debug|Any CPU.Build.0 = Debug|Any CPU
		{495D3B28-8BB3-49E0-808B-CA7227CBE16C}.Release|Any CPU.ActiveCfg = Release|Any CPU
		{495D3B28-8BB3-49E0-808B-CA7227CBE16C}.Release|Any CPU.Build.0 = Release|Any CPU
		{E11B27BC-A5F3-4B31-AC59-99F06085D22F}.Debug|Any CPU.ActiveCfg = Debug|Any CPU
		{E11B27BC-A5F3-4B31-AC59-99F06085D22F}.Debug|Any CPU.Build.0 = Debug|Any CPU
		{E11B27BC-A5F3-4B31-AC59-99F06085D22F}.Release|Any CPU.ActiveCfg = Release|Any CPU
		{E11B27BC-A5F3-4B31-AC59-99F06085D22F}.Release|Any CPU.Build.0 = Release|Any CPU
		{1F73F87C-6D41-4C56-86BF-B108D0B4F26D}.Debug|Any CPU.ActiveCfg = Debug|Any CPU
		{1F73F87C-6D41-4C56-86BF-B108D0B4F26D}.Debug|Any CPU.Build.0 = Debug|Any CPU
		{1F73F87C-6D41-4C56-86BF-B108D0B4F26D}.Release|Any CPU.ActiveCfg = Release|Any CPU
		{1F73F87C-6D41-4C56-86BF-B108D0B4F26D}.Release|Any CPU.Build.0 = Release|Any CPU
		{07F7F261-C3A9-48A6-A0E4-3B2767B90EC0}.Debug|Any CPU.ActiveCfg = Debug|Any CPU
		{07F7F261-C3A9-48A6-A0E4-3B2767B90EC0}.Debug|Any CPU.Build.0 = Debug|Any CPU
		{07F7F261-C3A9-48A6-A0E4-3B2767B90EC0}.Release|Any CPU.ActiveCfg = Release|Any CPU
		{07F7F261-C3A9-48A6-A0E4-3B2767B90EC0}.Release|Any CPU.Build.0 = Release|Any CPU
		{76C30866-99B1-4840-BDE3-15FC52B500CB}.Debug|Any CPU.ActiveCfg = Debug|Any CPU
		{76C30866-99B1-4840-BDE3-15FC52B500CB}.Debug|Any CPU.Build.0 = Debug|Any CPU
		{76C30866-99B1-4840-BDE3-15FC52B500CB}.Release|Any CPU.ActiveCfg = Release|Any CPU
		{76C30866-99B1-4840-BDE3-15FC52B500CB}.Release|Any CPU.Build.0 = Release|Any CPU
		{46CC89F4-8842-48DF-9991-FC5536890992}.Debug|Any CPU.ActiveCfg = Debug|Any CPU
		{46CC89F4-8842-48DF-9991-FC5536890992}.Debug|Any CPU.Build.0 = Debug|Any CPU
		{46CC89F4-8842-48DF-9991-FC5536890992}.Release|Any CPU.ActiveCfg = Release|Any CPU
		{46CC89F4-8842-48DF-9991-FC5536890992}.Release|Any CPU.Build.0 = Release|Any CPU
		{9BCC6FEC-6A6A-460B-9FA7-F398A4B43E39}.Debug|Any CPU.ActiveCfg = Debug|Any CPU
		{9BCC6FEC-6A6A-460B-9FA7-F398A4B43E39}.Debug|Any CPU.Build.0 = Debug|Any CPU
		{9BCC6FEC-6A6A-460B-9FA7-F398A4B43E39}.Release|Any CPU.ActiveCfg = Release|Any CPU
		{9BCC6FEC-6A6A-460B-9FA7-F398A4B43E39}.Release|Any CPU.Build.0 = Release|Any CPU
		{FE517AA8-B323-4526-AF9E-E5E60C9DAE72}.Debug|Any CPU.ActiveCfg = Debug|Any CPU
		{FE517AA8-B323-4526-AF9E-E5E60C9DAE72}.Debug|Any CPU.Build.0 = Debug|Any CPU
		{FE517AA8-B323-4526-AF9E-E5E60C9DAE72}.Release|Any CPU.ActiveCfg = Release|Any CPU
		{FE517AA8-B323-4526-AF9E-E5E60C9DAE72}.Release|Any CPU.Build.0 = Release|Any CPU
		{637A5808-40C1-4890-8890-300C6FD24776}.Debug|Any CPU.ActiveCfg = Debug|Any CPU
		{637A5808-40C1-4890-8890-300C6FD24776}.Debug|Any CPU.Build.0 = Debug|Any CPU
		{637A5808-40C1-4890-8890-300C6FD24776}.Release|Any CPU.ActiveCfg = Release|Any CPU
		{637A5808-40C1-4890-8890-300C6FD24776}.Release|Any CPU.Build.0 = Release|Any CPU
		{80756397-E0DB-4A07-802A-AA3CCCB948B4}.Debug|Any CPU.ActiveCfg = Debug|Any CPU
		{80756397-E0DB-4A07-802A-AA3CCCB948B4}.Debug|Any CPU.Build.0 = Debug|Any CPU
		{80756397-E0DB-4A07-802A-AA3CCCB948B4}.Release|Any CPU.ActiveCfg = Release|Any CPU
		{80756397-E0DB-4A07-802A-AA3CCCB948B4}.Release|Any CPU.Build.0 = Release|Any CPU
		{CFC618FB-C856-4CD6-B4A3-7D2D1A218A28}.Debug|Any CPU.ActiveCfg = Debug|Any CPU
		{CFC618FB-C856-4CD6-B4A3-7D2D1A218A28}.Debug|Any CPU.Build.0 = Debug|Any CPU
		{CFC618FB-C856-4CD6-B4A3-7D2D1A218A28}.Release|Any CPU.ActiveCfg = Release|Any CPU
		{CFC618FB-C856-4CD6-B4A3-7D2D1A218A28}.Release|Any CPU.Build.0 = Release|Any CPU
	EndGlobalSection
	GlobalSection(SolutionProperties) = preSolution
		HideSolutionNode = FALSE
	EndGlobalSection
	GlobalSection(NestedProjects) = preSolution
		{79034B9A-1C93-4F0C-A167-9DF5EDABE35D} = {3B614E05-B37E-47E9-832F-6058FCCACFF9}
		{F8D2C5E6-250F-475D-A3DF-EAB74434452A} = {3B614E05-B37E-47E9-832F-6058FCCACFF9}
		{495D3B28-8BB3-49E0-808B-CA7227CBE16C} = {3B614E05-B37E-47E9-832F-6058FCCACFF9}
		{E11B27BC-A5F3-4B31-AC59-99F06085D22F} = {0F7C735D-9234-4C24-9EA7-F4CC5F3D0968}
		{1F73F87C-6D41-4C56-86BF-B108D0B4F26D} = {0F7C735D-9234-4C24-9EA7-F4CC5F3D0968}
		{07F7F261-C3A9-48A6-A0E4-3B2767B90EC0} = {0F7C735D-9234-4C24-9EA7-F4CC5F3D0968}
		{76C30866-99B1-4840-BDE3-15FC52B500CB} = {0F7C735D-9234-4C24-9EA7-F4CC5F3D0968}
		{46CC89F4-8842-48DF-9991-FC5536890992} = {0F7C735D-9234-4C24-9EA7-F4CC5F3D0968}
		{9BCC6FEC-6A6A-460B-9FA7-F398A4B43E39} = {104EF140-3BC7-403B-9D08-93CCCB4ABA3E}
		{FE517AA8-B323-4526-AF9E-E5E60C9DAE72} = {104EF140-3BC7-403B-9D08-93CCCB4ABA3E}
		{637A5808-40C1-4890-8890-300C6FD24776} = {104EF140-3BC7-403B-9D08-93CCCB4ABA3E}
		{80756397-E0DB-4A07-802A-AA3CCCB948B4} = {34855FC8-8EC9-4173-ADB6-4203092FF793}
		{CFC618FB-C856-4CD6-B4A3-7D2D1A218A28} = {F0216DBD-3A09-485C-9E4E-FE3D392BFA1E}
	EndGlobalSection
	GlobalSection(ExtensibilityGlobals) = postSolution
		SolutionGuid = {01FEA3E8-7CDC-4305-A28A-3637E573EB8D}
	EndGlobalSection
EndGlobal
